// !$*UTF8*$!
{
	archiveVersion = 1;
	classes = {
	};
	objectVersion = 50;
	objects = {

/* Begin PBXBuildFile section */
		CFC8087D26262CA800DDA6E0 /* AppDelegate.swift in Sources */ = {isa = PBXBuildFile; fileRef = CFC8087C26262CA800DDA6E0 /* AppDelegate.swift */; };
		CFC8087F26262CA800DDA6E0 /* SceneDelegate.swift in Sources */ = {isa = PBXBuildFile; fileRef = CFC8087E26262CA800DDA6E0 /* SceneDelegate.swift */; };
		CFC8088126262CA800DDA6E0 /* ViewController.swift in Sources */ = {isa = PBXBuildFile; fileRef = CFC8088026262CA800DDA6E0 /* ViewController.swift */; };
		CFC8088426262CA800DDA6E0 /* Main.storyboard in Resources */ = {isa = PBXBuildFile; fileRef = CFC8088226262CA800DDA6E0 /* Main.storyboard */; };
		CFC8088626262CA900DDA6E0 /* Assets.xcassets in Resources */ = {isa = PBXBuildFile; fileRef = CFC8088526262CA900DDA6E0 /* Assets.xcassets */; };
		CFC8088926262CA900DDA6E0 /* LaunchScreen.storyboard in Resources */ = {isa = PBXBuildFile; fileRef = CFC8088726262CA900DDA6E0 /* LaunchScreen.storyboard */; };
		CFC808952626376100DDA6E0 /* kremlin.jpeg in Resources */ = {isa = PBXBuildFile; fileRef = CFC808902626376100DDA6E0 /* kremlin.jpeg */; };
		CFC808962626376100DDA6E0 /* stonehenge.jpeg in Resources */ = {isa = PBXBuildFile; fileRef = CFC808912626376100DDA6E0 /* stonehenge.jpeg */; };
		CFC808972626376100DDA6E0 /* tacmahal.jpeg in Resources */ = {isa = PBXBuildFile; fileRef = CFC808922626376100DDA6E0 /* tacmahal.jpeg */; };
		CFC808982626376100DDA6E0 /* colosseum.jpeg in Resources */ = {isa = PBXBuildFile; fileRef = CFC808932626376100DDA6E0 /* colosseum.jpeg */; };
		CFC808992626376100DDA6E0 /* greatwall.jpeg in Resources */ = {isa = PBXBuildFile; fileRef = CFC808942626376100DDA6E0 /* greatwall.jpeg */; };
		CFC8089B262640DD00DDA6E0 /* imageViewController.swift in Sources */ = {isa = PBXBuildFile; fileRef = CFC8089A262640DD00DDA6E0 /* imageViewController.swift */; };
/* End PBXBuildFile section */

/* Begin PBXFileReference section */
		CFC8087926262CA800DDA6E0 /* KentSimgeleri.app */ = {isa = PBXFileReference; explicitFileType = wrapper.application; includeInIndex = 0; path = KentSimgeleri.app; sourceTree = BUILT_PRODUCTS_DIR; };
		CFC8087C26262CA800DDA6E0 /* AppDelegate.swift */ = {isa = PBXFileReference; lastKnownFileType = sourcecode.swift; path = AppDelegate.swift; sourceTree = "<group>"; };
		CFC8087E26262CA800DDA6E0 /* SceneDelegate.swift */ = {isa = PBXFileReference; lastKnownFileType = sourcecode.swift; path = SceneDelegate.swift; sourceTree = "<group>"; };
		CFC8088026262CA800DDA6E0 /* ViewController.swift */ = {isa = PBXFileReference; lastKnownFileType = sourcecode.swift; path = ViewController.swift; sourceTree = "<group>"; };
		CFC8088326262CA800DDA6E0 /* Base */ = {isa = PBXFileReference; lastKnownFileType = file.storyboard; name = Base; path = Base.lproj/Main.storyboard; sourceTree = "<group>"; };
		CFC8088526262CA900DDA6E0 /* Assets.xcassets */ = {isa = PBXFileReference; lastKnownFileType = folder.assetcatalog; path = Assets.xcassets; sourceTree = "<group>"; };
		CFC8088826262CA900DDA6E0 /* Base */ = {isa = PBXFileReference; lastKnownFileType = file.storyboard; name = Base; path = Base.lproj/LaunchScreen.storyboard; sourceTree = "<group>"; };
		CFC8088A26262CA900DDA6E0 /* Info.plist */ = {isa = PBXFileReference; lastKnownFileType = text.plist.xml; path = Info.plist; sourceTree = "<group>"; };
		CFC808902626376100DDA6E0 /* kremlin.jpeg */ = {isa = PBXFileReference; lastKnownFileType = image.jpeg; name = kremlin.jpeg; path = ../../kremlin.jpeg; sourceTree = "<group>"; };
		CFC808912626376100DDA6E0 /* stonehenge.jpeg */ = {isa = PBXFileReference; lastKnownFileType = image.jpeg; name = stonehenge.jpeg; path = ../../stonehenge.jpeg; sourceTree = "<group>"; };
		CFC808922626376100DDA6E0 /* tacmahal.jpeg */ = {isa = PBXFileReference; lastKnownFileType = image.jpeg; name = tacmahal.jpeg; path = ../../tacmahal.jpeg; sourceTree = "<group>"; };
		CFC808932626376100DDA6E0 /* colosseum.jpeg */ = {isa = PBXFileReference; lastKnownFileType = image.jpeg; name = colosseum.jpeg; path = ../../colosseum.jpeg; sourceTree = "<group>"; };
		CFC808942626376100DDA6E0 /* greatwall.jpeg */ = {isa = PBXFileReference; lastKnownFileType = image.jpeg; name = greatwall.jpeg; path = ../../greatwall.jpeg; sourceTree = "<group>"; };
		CFC8089A262640DD00DDA6E0 /* imageViewController.swift */ = {isa = PBXFileReference; lastKnownFileType = sourcecode.swift; path = imageViewController.swift; sourceTree = "<group>"; };
/* End PBXFileReference section */

/* Begin PBXFrameworksBuildPhase section */
		CFC8087626262CA800DDA6E0 /* Frameworks */ = {
			isa = PBXFrameworksBuildPhase;
			buildActionMask = 2147483647;
			files = (
			);
			runOnlyForDeploymentPostprocessing = 0;
		};
/* End PBXFrameworksBuildPhase section */

/* Begin PBXGroup section */
		CFC8087026262CA800DDA6E0 = {
			isa = PBXGroup;
			children = (
				CFC8087B26262CA800DDA6E0 /* KentSimgeleri */,
				CFC8087A26262CA800DDA6E0 /* Products */,
			);
			sourceTree = "<group>";
		};
		CFC8087A26262CA800DDA6E0 /* Products */ = {
			isa = PBXGroup;
			children = (
				CFC8087926262CA800DDA6E0 /* KentSimgeleri.app */,
			);
			name = Products;
			sourceTree = "<group>";
		};
		CFC8087B26262CA800DDA6E0 /* KentSimgeleri */ = {
			isa = PBXGroup;
			children = (
				CFC8087C26262CA800DDA6E0 /* AppDelegate.swift */,
				CFC8087E26262CA800DDA6E0 /* SceneDelegate.swift */,
				CFC8088026262CA800DDA6E0 /* ViewController.swift */,
				CFC8088226262CA800DDA6E0 /* Main.storyboard */,
				CFC8088526262CA900DDA6E0 /* Assets.xcassets */,
				CFC808932626376100DDA6E0 /* colosseum.jpeg */,
				CFC808942626376100DDA6E0 /* greatwall.jpeg */,
				CFC808902626376100DDA6E0 /* kremlin.jpeg */,
				CFC808912626376100DDA6E0 /* stonehenge.jpeg */,
				CFC808922626376100DDA6E0 /* tacmahal.jpeg */,
				CFC8088726262CA900DDA6E0 /* LaunchScreen.storyboard */,
				CFC8088A26262CA900DDA6E0 /* Info.plist */,
				CFC8089A262640DD00DDA6E0 /* imageViewController.swift */,
			);
			path = KentSimgeleri;
			sourceTree = "<group>";
		};
/* End PBXGroup section */

/* Begin PBXNativeTarget section */
		CFC8087826262CA800DDA6E0 /* KentSimgeleri */ = {
			isa = PBXNativeTarget;
			buildConfigurationList = CFC8088D26262CA900DDA6E0 /* Build configuration list for PBXNativeTarget "KentSimgeleri" */;
			buildPhases = (
				CFC8087526262CA800DDA6E0 /* Sources */,
				CFC8087626262CA800DDA6E0 /* Frameworks */,
				CFC8087726262CA800DDA6E0 /* Resources */,
			);
			buildRules = (
			);
			dependencies = (
			);
			name = KentSimgeleri;
			productName = KentSimgeleri;
			productReference = CFC8087926262CA800DDA6E0 /* KentSimgeleri.app */;
			productType = "com.apple.product-type.application";
		};
/* End PBXNativeTarget section */

/* Begin PBXProject section */
		CFC8087126262CA800DDA6E0 /* Project object */ = {
			isa = PBXProject;
			attributes = {
				LastSwiftUpdateCheck = 1250;
				LastUpgradeCheck = 1250;
				TargetAttributes = {
					CFC8087826262CA800DDA6E0 = {
						CreatedOnToolsVersion = 12.5;
					};
				};
			};
			buildConfigurationList = CFC8087426262CA800DDA6E0 /* Build configuration list for PBXProject "KentSimgeleri" */;
			compatibilityVersion = "Xcode 9.3";
			developmentRegion = en;
			hasScannedForEncodings = 0;
			knownRegions = (
				en,
				Base,
			);
			mainGroup = CFC8087026262CA800DDA6E0;
			productRefGroup = CFC8087A26262CA800DDA6E0 /* Products */;
			projectDirPath = "";
			projectRoot = "";
			targets = (
				CFC8087826262CA800DDA6E0 /* KentSimgeleri */,
			);
		};
/* End PBXProject section */

/* Begin PBXResourcesBuildPhase section */
		CFC8087726262CA800DDA6E0 /* Resources */ = {
			isa = PBXResourcesBuildPhase;
			buildActionMask = 2147483647;
			files = (
				CFC8088926262CA900DDA6E0 /* LaunchScreen.storyboard in Resources */,
				CFC8088626262CA900DDA6E0 /* Assets.xcassets in Resources */,
				CFC808972626376100DDA6E0 /* tacmahal.jpeg in Resources */,
				CFC808952626376100DDA6E0 /* kremlin.jpeg in Resources */,
				CFC808962626376100DDA6E0 /* stonehenge.jpeg in Resources */,
				CFC808992626376100DDA6E0 /* greatwall.jpeg in Resources */,
				CFC808982626376100DDA6E0 /* colosseum.jpeg in Resources */,
				CFC8088426262CA800DDA6E0 /* Main.storyboard in Resources */,
			);
			runOnlyForDeploymentPostprocessing = 0;
		};
/* End PBXResourcesBuildPhase section */

/* Begin PBXSourcesBuildPhase section */
		CFC8087526262CA800DDA6E0 /* Sources */ = {
			isa = PBXSourcesBuildPhase;
			buildActionMask = 2147483647;
			files = (
				CFC8088126262CA800DDA6E0 /* ViewController.swift in Sources */,
				CFC8087D26262CA800DDA6E0 /* AppDelegate.swift in Sources */,
				CFC8089B262640DD00DDA6E0 /* imageViewController.swift in Sources */,
				CFC8087F26262CA800DDA6E0 /* SceneDelegate.swift in Sources */,
			);
			runOnlyForDeploymentPostprocessing = 0;
		};
/* End PBXSourcesBuildPhase section */

/* Begin PBXVariantGroup section */
		CFC8088226262CA800DDA6E0 /* Main.storyboard */ = {
			isa = PBXVariantGroup;
			children = (
				CFC8088326262CA800DDA6E0 /* Base */,
			);
			name = Main.storyboard;
			sourceTree = "<group>";
		};
		CFC8088726262CA900DDA6E0 /* LaunchScreen.storyboard */ = {
			isa = PBXVariantGroup;
			children = (
				CFC8088826262CA900DDA6E0 /* Base */,
			);
			name = LaunchScreen.storyboard;
			sourceTree = "<group>";
		};
/* End PBXVariantGroup section */

/* Begin XCBuildConfiguration section */
		CFC8088B26262CA900DDA6E0 /* Debug */ = {
			isa = XCBuildConfiguration;
			buildSettings = {
				ALWAYS_SEARCH_USER_PATHS = NO;
				CLANG_ANALYZER_NONNULL = YES;
				CLANG_ANALYZER_NUMBER_OBJECT_CONVERSION = YES_AGGRESSIVE;
				CLANG_CXX_LANGUAGE_STANDARD = "gnu++14";
				CLANG_CXX_LIBRARY = "libc++";
				CLANG_ENABLE_MODULES = YES;
				CLANG_ENABLE_OBJC_ARC = YES;
				CLANG_ENABLE_OBJC_WEAK = YES;
				CLANG_WARN_BLOCK_CAPTURE_AUTORELEASING = YES;
				CLANG_WARN_BOOL_CONVERSION = YES;
				CLANG_WARN_COMMA = YES;
				CLANG_WARN_CONSTANT_CONVERSION = YES;
				CLANG_WARN_DEPRECATED_OBJC_IMPLEMENTATIONS = YES;
				CLANG_WARN_DIRECT_OBJC_ISA_USAGE = YES_ERROR;
				CLANG_WARN_DOCUMENTATION_COMMENTS = YES;
				CLANG_WARN_EMPTY_BODY = YES;
				CLANG_WARN_ENUM_CONVERSION = YES;
				CLANG_WARN_INFINITE_RECURSION = YES;
				CLANG_WARN_INT_CONVERSION = YES;
				CLANG_WARN_NON_LITERAL_NULL_CONVERSION = YES;
				CLANG_WARN_OBJC_IMPLICIT_RETAIN_SELF = YES;
				CLANG_WARN_OBJC_LITERAL_CONVERSION = YES;
				CLANG_WARN_OBJC_ROOT_CLASS = YES_ERROR;
				CLANG_WARN_QUOTED_INCLUDE_IN_FRAMEWORK_HEADER = YES;
				CLANG_WARN_RANGE_LOOP_ANALYSIS = YES;
				CLANG_WARN_STRICT_PROTOTYPES = YES;
				CLANG_WARN_SUSPICIOUS_MOVE = YES;
				CLANG_WARN_UNGUARDED_AVAILABILITY = YES_AGGRESSIVE;
				CLANG_WARN_UNREACHABLE_CODE = YES;
				CLANG_WARN__DUPLICATE_METHOD_MATCH = YES;
				COPY_PHASE_STRIP = NO;
				DEBUG_INFORMATION_FORMAT = dwarf;
				ENABLE_STRICT_OBJC_MSGSEND = YES;
				ENABLE_TESTABILITY = YES;
				GCC_C_LANGUAGE_STANDARD = gnu11;
				GCC_DYNAMIC_NO_PIC = NO;
				GCC_NO_COMMON_BLOCKS = YES;
				GCC_OPTIMIZATION_LEVEL = 0;
				GCC_PREPROCESSOR_DEFINITIONS = (
					"DEBUG=1",
					"$(inherited)",
				);
				GCC_WARN_64_TO_32_BIT_CONVERSION = YES;
				GCC_WARN_ABOUT_RETURN_TYPE = YES_ERROR;
				GCC_WARN_UNDECLARED_SELECTOR = YES;
				GCC_WARN_UNINITIALIZED_AUTOS = YES_AGGRESSIVE;
				GCC_WARN_UNUSED_FUNCTION = YES;
				GCC_WARN_UNUSED_VARIABLE = YES;
				IPHONEOS_DEPLOYMENT_TARGET = 14.5;
				MTL_ENABLE_DEBUG_INFO = INCLUDE_SOURCE;
				MTL_FAST_MATH = YES;
				ONLY_ACTIVE_ARCH = YES;
				SDKROOT = iphoneos;
				SWIFT_ACTIVE_COMPILATION_CONDITIONS = DEBUG;
				SWIFT_OPTIMIZATION_LEVEL = "-Onone";
			};
			name = Debug;
		};
		CFC8088C26262CA900DDA6E0 /* Release */ = {
			isa = XCBuildConfiguration;
			buildSettings = {
				ALWAYS_SEARCH_USER_PATHS = NO;
				CLANG_ANALYZER_NONNULL = YES;
				CLANG_ANALYZER_NUMBER_OBJECT_CONVERSION = YES_AGGRESSIVE;
				CLANG_CXX_LANGUAGE_STANDARD = "gnu++14";
				CLANG_CXX_LIBRARY = "libc++";
				CLANG_ENABLE_MODULES = YES;
				CLANG_ENABLE_OBJC_ARC = YES;
				CLANG_ENABLE_OBJC_WEAK = YES;
				CLANG_WARN_BLOCK_CAPTURE_AUTORELEASING = YES;
				CLANG_WARN_BOOL_CONVERSION = YES;
				CLANG_WARN_COMMA = YES;
				CLANG_WARN_CONSTANT_CONVERSION = YES;
				CLANG_WARN_DEPRECATED_OBJC_IMPLEMENTATIONS = YES;
				CLANG_WARN_DIRECT_OBJC_ISA_USAGE = YES_ERROR;
				CLANG_WARN_DOCUMENTATION_COMMENTS = YES;
				CLANG_WARN_EMPTY_BODY = YES;
				CLANG_WARN_ENUM_CONVERSION = YES;
				CLANG_WARN_INFINITE_RECURSION = YES;
				CLANG_WARN_INT_CONVERSION = YES;
				CLANG_WARN_NON_LITERAL_NULL_CONVERSION = YES;
				CLANG_WARN_OBJC_IMPLICIT_RETAIN_SELF = YES;
				CLANG_WARN_OBJC_LITERAL_CONVERSION = YES;
				CLANG_WARN_OBJC_ROOT_CLASS = YES_ERROR;
				CLANG_WARN_QUOTED_INCLUDE_IN_FRAMEWORK_HEADER = YES;
				CLANG_WARN_RANGE_LOOP_ANALYSIS = YES;
				CLANG_WARN_STRICT_PROTOTYPES = YES;
				CLANG_WARN_SUSPICIOUS_MOVE = YES;
				CLANG_WARN_UNGUARDED_AVAILABILITY = YES_AGGRESSIVE;
				CLANG_WARN_UNREACHABLE_CODE = YES;
				CLANG_WARN__DUPLICATE_METHOD_MATCH = YES;
				COPY_PHASE_STRIP = NO;
				DEBUG_INFORMATION_FORMAT = "dwarf-with-dsym";
				ENABLE_NS_ASSERTIONS = NO;
				ENABLE_STRICT_OBJC_MSGSEND = YES;
				GCC_C_LANGUAGE_STANDARD = gnu11;
				GCC_NO_COMMON_BLOCKS = YES;
				GCC_WARN_64_TO_32_BIT_CONVERSION = YES;
				GCC_WARN_ABOUT_RETURN_TYPE = YES_ERROR;
				GCC_WARN_UNDECLARED_SELECTOR = YES;
				GCC_WARN_UNINITIALIZED_AUTOS = YES_AGGRESSIVE;
				GCC_WARN_UNUSED_FUNCTION = YES;
				GCC_WARN_UNUSED_VARIABLE = YES;
				IPHONEOS_DEPLOYMENT_TARGET = 14.5;
				MTL_ENABLE_DEBUG_INFO = NO;
				MTL_FAST_MATH = YES;
				SDKROOT = iphoneos;
				SWIFT_COMPILATION_MODE = wholemodule;
				SWIFT_OPTIMIZATION_LEVEL = "-O";
				VALIDATE_PRODUCT = YES;
			};
			name = Release;
		};
		CFC8088E26262CA900DDA6E0 /* Debug */ = {
			isa = XCBuildConfiguration;
			buildSettings = {
				ASSETCATALOG_COMPILER_APPICON_NAME = AppIcon;
				ASSETCATALOG_COMPILER_GLOBAL_ACCENT_COLOR_NAME = AccentColor;
				CODE_SIGN_STYLE = Automatic;
				DEVELOPMENT_TEAM = 5PK8QPHVAN;
				INFOPLIST_FILE = KentSimgeleri/Info.plist;
				LD_RUNPATH_SEARCH_PATHS = (
					"$(inherited)",
					"@executable_path/Frameworks",
				);
				PRODUCT_BUNDLE_IDENTIFIER = kaanyigit.KentSimgeleri;
				PRODUCT_NAME = "$(TARGET_NAME)";
				SWIFT_VERSION = 5.0;
				TARGETED_DEVICE_FAMILY = "1,2";
			};
			name = Debug;
		};
		CFC8088F26262CA900DDA6E0 /* Release */ = {
			isa = XCBuildConfiguration;
			buildSettings = {
				ASSETCATALOG_COMPILER_APPICON_NAME = AppIcon;
				ASSETCATALOG_COMPILER_GLOBAL_ACCENT_COLOR_NAME = AccentColor;
				CODE_SIGN_STYLE = Automatic;
				DEVELOPMENT_TEAM = 5PK8QPHVAN;
				INFOPLIST_FILE = KentSimgeleri/Info.plist;
				LD_RUNPATH_SEARCH_PATHS = (
					"$(inherited)",
					"@executable_path/Frameworks",
				);
				PRODUCT_BUNDLE_IDENTIFIER = kaanyigit.KentSimgeleri;
				PRODUCT_NAME = "$(TARGET_NAME)";
				SWIFT_VERSION = 5.0;
				TARGETED_DEVICE_FAMILY = "1,2";
			};
			name = Release;
		};
/* End XCBuildConfiguration section */

/* Begin XCConfigurationList section */
		CFC8087426262CA800DDA6E0 /* Build configuration list for PBXProject "KentSimgeleri" */ = {
			isa = XCConfigurationList;
			buildConfigurations = (
				CFC8088B26262CA900DDA6E0 /* Debug */,
				CFC8088C26262CA900DDA6E0 /* Release */,
			);
			defaultConfigurationIsVisible = 0;
			defaultConfigurationName = Release;
		};
		CFC8088D26262CA900DDA6E0 /* Build configuration list for PBXNativeTarget "KentSimgeleri" */ = {
			isa = XCConfigurationList;
			buildConfigurations = (
				CFC8088E26262CA900DDA6E0 /* Debug */,
				CFC8088F26262CA900DDA6E0 /* Release */,
			);
			defaultConfigurationIsVisible = 0;
			defaultConfigurationName = Release;
		};
/* End XCConfigurationList section */
	};
	rootObject = CFC8087126262CA800DDA6E0 /* Project object */;
}
